// !$*UTF8*$!
{
	archiveVersion = 1;
	classes = {
	};
	objectVersion = 46;
	objects = {

/* Begin PBXBuildFile section */
		7CAD9A6658D158792ABDE34C /* Pods_Federal_Taphouse.framework in Frameworks */ = {isa = PBXBuildFile; fileRef = 146228709DB1D815F419F874 /* Pods_Federal_Taphouse.framework */; };
		AA01E70F1D82F7E8002B0565 /* Facebook.swift in Sources */ = {isa = PBXBuildFile; fileRef = AA01E70E1D82F7E8002B0565 /* Facebook.swift */; };
		AA01E7111D82F7FE002B0565 /* Twitter.swift in Sources */ = {isa = PBXBuildFile; fileRef = AA01E7101D82F7FE002B0565 /* Twitter.swift */; };
		AA01E7131D82F808002B0565 /* Instagram.swift in Sources */ = {isa = PBXBuildFile; fileRef = AA01E7121D82F808002B0565 /* Instagram.swift */; };
		AAA86A301D7F284300137A58 /* AppDelegate.swift in Sources */ = {isa = PBXBuildFile; fileRef = AAA86A2F1D7F284300137A58 /* AppDelegate.swift */; };
		AAA86A351D7F284300137A58 /* Main.storyboard in Resources */ = {isa = PBXBuildFile; fileRef = AAA86A331D7F284300137A58 /* Main.storyboard */; };
		AAA86A381D7F284300137A58 /* Federal_Taphouse.xcdatamodeld in Sources */ = {isa = PBXBuildFile; fileRef = AAA86A361D7F284300137A58 /* Federal_Taphouse.xcdatamodeld */; };
		AAA86A3A1D7F284300137A58 /* Assets.xcassets in Resources */ = {isa = PBXBuildFile; fileRef = AAA86A391D7F284300137A58 /* Assets.xcassets */; };
		AAA86A3D1D7F284300137A58 /* LaunchScreen.storyboard in Resources */ = {isa = PBXBuildFile; fileRef = AAA86A3B1D7F284300137A58 /* LaunchScreen.storyboard */; };
		AAA86A451D7F299F00137A58 /* GoogleService-Info.plist in Resources */ = {isa = PBXBuildFile; fileRef = AAA86A441D7F299F00137A58 /* GoogleService-Info.plist */; };
		AAA86A471D7F2F1300137A58 /* HomeViewController.swift in Sources */ = {isa = PBXBuildFile; fileRef = AAA86A461D7F2F1300137A58 /* HomeViewController.swift */; };
		AAA86A491D7F30D900137A58 /* fed.png in Resources */ = {isa = PBXBuildFile; fileRef = AAA86A481D7F30D900137A58 /* fed.png */; };
		AAA86A4D1D7F35D500137A58 /* SWRevealViewController.m in Sources */ = {isa = PBXBuildFile; fileRef = AAA86A4C1D7F35D500137A58 /* SWRevealViewController.m */; };
		AAA86A511D7F37FA00137A58 /* BackTableVC.swift in Sources */ = {isa = PBXBuildFile; fileRef = AAA86A501D7F37FA00137A58 /* BackTableVC.swift */; };
		AAA86A531D7F3FE000137A58 /* Menu.swift in Sources */ = {isa = PBXBuildFile; fileRef = AAA86A521D7F3FE000137A58 /* Menu.swift */; };
		AAA86A551D7F3FEC00137A58 /* Invite.swift in Sources */ = {isa = PBXBuildFile; fileRef = AAA86A541D7F3FEC00137A58 /* Invite.swift */; };
		AAA86A591D7F400500137A58 /* ContactUs.swift in Sources */ = {isa = PBXBuildFile; fileRef = AAA86A581D7F400500137A58 /* ContactUs.swift */; };
		AAA86A5B1D7F401C00137A58 /* Deals.swift in Sources */ = {isa = PBXBuildFile; fileRef = AAA86A5A1D7F401C00137A58 /* Deals.swift */; };
		AAA86A5D1D7F4B3600137A58 /* FindUs.swift in Sources */ = {isa = PBXBuildFile; fileRef = AAA86A5C1D7F4B3600137A58 /* FindUs.swift */; };
		AAA86A611D7F549000137A58 /* Data.swift in Sources */ = {isa = PBXBuildFile; fileRef = AAA86A601D7F549000137A58 /* Data.swift */; };
		AACB7F1E1D81A21A0009342D /* Logout.swift in Sources */ = {isa = PBXBuildFile; fileRef = AACB7F1D1D81A21A0009342D /* Logout.swift */; };
		AACB7F201D81A4FB0009342D /* Helper.swift in Sources */ = {isa = PBXBuildFile; fileRef = AACB7F1F1D81A4FB0009342D /* Helper.swift */; };
		AACB7F221D81BB080009342D /* ForgotPasswordViewController.swift in Sources */ = {isa = PBXBuildFile; fileRef = AACB7F211D81BB080009342D /* ForgotPasswordViewController.swift */; };
		AACB7F241D81C0190009342D /* ThirdNavigationController.swift in Sources */ = {isa = PBXBuildFile; fileRef = AACB7F231D81C0190009342D /* ThirdNavigationController.swift */; };
		AACB7F261D81E07D0009342D /* MapKit.framework in Frameworks */ = {isa = PBXBuildFile; fileRef = AACB7F251D81E07D0009342D /* MapKit.framework */; };
		AACB7F281D81E0860009342D /* CoreLocation.framework in Frameworks */ = {isa = PBXBuildFile; fileRef = AACB7F271D81E0860009342D /* CoreLocation.framework */; };
/* End PBXBuildFile section */

/* Begin PBXFileReference section */
		146228709DB1D815F419F874 /* Pods_Federal_Taphouse.framework */ = {isa = PBXFileReference; explicitFileType = wrapper.framework; includeInIndex = 0; path = Pods_Federal_Taphouse.framework; sourceTree = BUILT_PRODUCTS_DIR; };
		93D109250788B38AED87FBFF /* Pods-Federal Taphouse.debug.xcconfig */ = {isa = PBXFileReference; includeInIndex = 1; lastKnownFileType = text.xcconfig; name = "Pods-Federal Taphouse.debug.xcconfig"; path = "Pods/Target Support Files/Pods-Federal Taphouse/Pods-Federal Taphouse.debug.xcconfig"; sourceTree = "<group>"; };
		9839B4DD46148602AA0FD62B /* Pods-Federal Taphouse.release.xcconfig */ = {isa = PBXFileReference; includeInIndex = 1; lastKnownFileType = text.xcconfig; name = "Pods-Federal Taphouse.release.xcconfig"; path = "Pods/Target Support Files/Pods-Federal Taphouse/Pods-Federal Taphouse.release.xcconfig"; sourceTree = "<group>"; };
		AA01E70E1D82F7E8002B0565 /* Facebook.swift */ = {isa = PBXFileReference; fileEncoding = 4; lastKnownFileType = sourcecode.swift; path = Facebook.swift; sourceTree = "<group>"; };
		AA01E7101D82F7FE002B0565 /* Twitter.swift */ = {isa = PBXFileReference; fileEncoding = 4; lastKnownFileType = sourcecode.swift; path = Twitter.swift; sourceTree = "<group>"; };
		AA01E7121D82F808002B0565 /* Instagram.swift */ = {isa = PBXFileReference; fileEncoding = 4; lastKnownFileType = sourcecode.swift; path = Instagram.swift; sourceTree = "<group>"; };
		AAA86A2C1D7F284200137A58 /* Federal Taphouse.app */ = {isa = PBXFileReference; explicitFileType = wrapper.application; includeInIndex = 0; path = "Federal Taphouse.app"; sourceTree = BUILT_PRODUCTS_DIR; };
		AAA86A2F1D7F284300137A58 /* AppDelegate.swift */ = {isa = PBXFileReference; lastKnownFileType = sourcecode.swift; path = AppDelegate.swift; sourceTree = "<group>"; };
		AAA86A341D7F284300137A58 /* Base */ = {isa = PBXFileReference; lastKnownFileType = file.storyboard; name = Base; path = Base.lproj/Main.storyboard; sourceTree = "<group>"; };
		AAA86A371D7F284300137A58 /* Federal_Taphouse.xcdatamodel */ = {isa = PBXFileReference; lastKnownFileType = wrapper.xcdatamodel; path = Federal_Taphouse.xcdatamodel; sourceTree = "<group>"; };
		AAA86A391D7F284300137A58 /* Assets.xcassets */ = {isa = PBXFileReference; lastKnownFileType = folder.assetcatalog; path = Assets.xcassets; sourceTree = "<group>"; };
		AAA86A3C1D7F284300137A58 /* Base */ = {isa = PBXFileReference; lastKnownFileType = file.storyboard; name = Base; path = Base.lproj/LaunchScreen.storyboard; sourceTree = "<group>"; };
		AAA86A3E1D7F284300137A58 /* Info.plist */ = {isa = PBXFileReference; lastKnownFileType = text.plist.xml; path = Info.plist; sourceTree = "<group>"; };
		AAA86A441D7F299F00137A58 /* GoogleService-Info.plist */ = {isa = PBXFileReference; fileEncoding = 4; lastKnownFileType = text.plist.xml; path = "GoogleService-Info.plist"; sourceTree = "<group>"; };
		AAA86A461D7F2F1300137A58 /* HomeViewController.swift */ = {isa = PBXFileReference; fileEncoding = 4; lastKnownFileType = sourcecode.swift; path = HomeViewController.swift; sourceTree = "<group>"; };
		AAA86A481D7F30D900137A58 /* fed.png */ = {isa = PBXFileReference; lastKnownFileType = image.png; path = fed.png; sourceTree = "<group>"; };
		AAA86A4A1D7F35D300137A58 /* Federal Taphouse-Bridging-Header.h */ = {isa = PBXFileReference; lastKnownFileType = sourcecode.c.h; path = "Federal Taphouse-Bridging-Header.h"; sourceTree = "<group>"; };
		AAA86A4B1D7F35D500137A58 /* SWRevealViewController.h */ = {isa = PBXFileReference; fileEncoding = 4; lastKnownFileType = sourcecode.c.h; path = SWRevealViewController.h; sourceTree = "<group>"; };
		AAA86A4C1D7F35D500137A58 /* SWRevealViewController.m */ = {isa = PBXFileReference; fileEncoding = 4; lastKnownFileType = sourcecode.c.objc; path = SWRevealViewController.m; sourceTree = "<group>"; };
		AAA86A501D7F37FA00137A58 /* BackTableVC.swift */ = {isa = PBXFileReference; fileEncoding = 4; lastKnownFileType = sourcecode.swift; path = BackTableVC.swift; sourceTree = "<group>"; };
		AAA86A521D7F3FE000137A58 /* Menu.swift */ = {isa = PBXFileReference; fileEncoding = 4; lastKnownFileType = sourcecode.swift; path = Menu.swift; sourceTree = "<group>"; };
		AAA86A541D7F3FEC00137A58 /* Invite.swift */ = {isa = PBXFileReference; fileEncoding = 4; lastKnownFileType = sourcecode.swift; path = Invite.swift; sourceTree = "<group>"; };
		AAA86A581D7F400500137A58 /* ContactUs.swift */ = {isa = PBXFileReference; fileEncoding = 4; lastKnownFileType = sourcecode.swift; path = ContactUs.swift; sourceTree = "<group>"; };
		AAA86A5A1D7F401C00137A58 /* Deals.swift */ = {isa = PBXFileReference; fileEncoding = 4; lastKnownFileType = sourcecode.swift; path = Deals.swift; sourceTree = "<group>"; };
		AAA86A5C1D7F4B3600137A58 /* FindUs.swift */ = {isa = PBXFileReference; fileEncoding = 4; lastKnownFileType = sourcecode.swift; path = FindUs.swift; sourceTree = "<group>"; };
		AAA86A601D7F549000137A58 /* Data.swift */ = {isa = PBXFileReference; fileEncoding = 4; lastKnownFileType = sourcecode.swift; path = Data.swift; sourceTree = "<group>"; };
		AACB7F1D1D81A21A0009342D /* Logout.swift */ = {isa = PBXFileReference; fileEncoding = 4; lastKnownFileType = sourcecode.swift; path = Logout.swift; sourceTree = "<group>"; };
		AACB7F1F1D81A4FB0009342D /* Helper.swift */ = {isa = PBXFileReference; fileEncoding = 4; lastKnownFileType = sourcecode.swift; path = Helper.swift; sourceTree = "<group>"; };
		AACB7F211D81BB080009342D /* ForgotPasswordViewController.swift */ = {isa = PBXFileReference; fileEncoding = 4; lastKnownFileType = sourcecode.swift; path = ForgotPasswordViewController.swift; sourceTree = "<group>"; };
		AACB7F231D81C0190009342D /* ThirdNavigationController.swift */ = {isa = PBXFileReference; fileEncoding = 4; lastKnownFileType = sourcecode.swift; path = ThirdNavigationController.swift; sourceTree = "<group>"; };
		AACB7F251D81E07D0009342D /* MapKit.framework */ = {isa = PBXFileReference; lastKnownFileType = wrapper.framework; name = MapKit.framework; path = System/Library/Frameworks/MapKit.framework; sourceTree = SDKROOT; };
		AACB7F271D81E0860009342D /* CoreLocation.framework */ = {isa = PBXFileReference; lastKnownFileType = wrapper.framework; name = CoreLocation.framework; path = System/Library/Frameworks/CoreLocation.framework; sourceTree = SDKROOT; };
/* End PBXFileReference section */

/* Begin PBXFrameworksBuildPhase section */
		AAA86A291D7F284200137A58 /* Frameworks */ = {
			isa = PBXFrameworksBuildPhase;
			buildActionMask = 2147483647;
			files = (
				AACB7F281D81E0860009342D /* CoreLocation.framework in Frameworks */,
				AACB7F261D81E07D0009342D /* MapKit.framework in Frameworks */,
				7CAD9A6658D158792ABDE34C /* Pods_Federal_Taphouse.framework in Frameworks */,
			);
			runOnlyForDeploymentPostprocessing = 0;
		};
/* End PBXFrameworksBuildPhase section */

/* Begin PBXGroup section */
		AAA86A231D7F284200137A58 = {
			isa = PBXGroup;
			children = (
				AAA86A2E1D7F284300137A58 /* Federal Taphouse */,
				AAA86A2D1D7F284200137A58 /* Products */,
				FDB9ADC272B7F4DF05FF4D13 /* Pods */,
				DC1D9CD7E7F4D703F019134A /* Frameworks */,
			);
			sourceTree = "<group>";
		};
		AAA86A2D1D7F284200137A58 /* Products */ = {
			isa = PBXGroup;
			children = (
				AAA86A2C1D7F284200137A58 /* Federal Taphouse.app */,
			);
			name = Products;
			sourceTree = "<group>";
		};
		AAA86A2E1D7F284300137A58 /* Federal Taphouse */ = {
			isa = PBXGroup;
			children = (
				AAA86A441D7F299F00137A58 /* GoogleService-Info.plist */,
				AAA86A2F1D7F284300137A58 /* AppDelegate.swift */,
				AACB7F231D81C0190009342D /* ThirdNavigationController.swift */,
				AAA86A461D7F2F1300137A58 /* HomeViewController.swift */,
				AAA86A501D7F37FA00137A58 /* BackTableVC.swift */,
				AACB7F211D81BB080009342D /* ForgotPasswordViewController.swift */,
				AACB7F1F1D81A4FB0009342D /* Helper.swift */,
				AAA86A601D7F549000137A58 /* Data.swift */,
				AAA86A521D7F3FE000137A58 /* Menu.swift */,
				AAA86A541D7F3FEC00137A58 /* Invite.swift */,
				AAA86A5A1D7F401C00137A58 /* Deals.swift */,
				AAA86A5C1D7F4B3600137A58 /* FindUs.swift */,
				AAA86A581D7F400500137A58 /* ContactUs.swift */,
				AA01E70E1D82F7E8002B0565 /* Facebook.swift */,
				AA01E7101D82F7FE002B0565 /* Twitter.swift */,
				AA01E7121D82F808002B0565 /* Instagram.swift */,
				AACB7F1D1D81A21A0009342D /* Logout.swift */,
				AAA86A331D7F284300137A58 /* Main.storyboard */,
				AAA86A391D7F284300137A58 /* Assets.xcassets */,
				AAA86A3B1D7F284300137A58 /* LaunchScreen.storyboard */,
				AAA86A3E1D7F284300137A58 /* Info.plist */,
				AAA86A361D7F284300137A58 /* Federal_Taphouse.xcdatamodeld */,
				AAA86A481D7F30D900137A58 /* fed.png */,
				AAA86A4B1D7F35D500137A58 /* SWRevealViewController.h */,
				AAA86A4C1D7F35D500137A58 /* SWRevealViewController.m */,
				AAA86A4A1D7F35D300137A58 /* Federal Taphouse-Bridging-Header.h */,
			);
			path = "Federal Taphouse";
			sourceTree = "<group>";
		};
		DC1D9CD7E7F4D703F019134A /* Frameworks */ = {
			isa = PBXGroup;
			children = (
				AACB7F271D81E0860009342D /* CoreLocation.framework */,
				AACB7F251D81E07D0009342D /* MapKit.framework */,
				146228709DB1D815F419F874 /* Pods_Federal_Taphouse.framework */,
			);
			name = Frameworks;
			sourceTree = "<group>";
		};
		FDB9ADC272B7F4DF05FF4D13 /* Pods */ = {
			isa = PBXGroup;
			children = (
				93D109250788B38AED87FBFF /* Pods-Federal Taphouse.debug.xcconfig */,
				9839B4DD46148602AA0FD62B /* Pods-Federal Taphouse.release.xcconfig */,
			);
			name = Pods;
			sourceTree = "<group>";
		};
/* End PBXGroup section */

/* Begin PBXNativeTarget section */
		AAA86A2B1D7F284200137A58 /* Federal Taphouse */ = {
			isa = PBXNativeTarget;
			buildConfigurationList = AAA86A411D7F284300137A58 /* Build configuration list for PBXNativeTarget "Federal Taphouse" */;
			buildPhases = (
				14CACAE96399434FC5B9F32B /* [CP] Check Pods Manifest.lock */,
				AAA86A281D7F284200137A58 /* Sources */,
				AAA86A291D7F284200137A58 /* Frameworks */,
				AAA86A2A1D7F284200137A58 /* Resources */,
				506B04FB94DEF1DABAD3C1B3 /* [CP] Embed Pods Frameworks */,
				BFE630AFDD5234C8D1E28FDE /* [CP] Copy Pods Resources */,
			);
			buildRules = (
			);
			dependencies = (
			);
			name = "Federal Taphouse";
			productName = "Federal Taphouse";
			productReference = AAA86A2C1D7F284200137A58 /* Federal Taphouse.app */;
			productType = "com.apple.product-type.application";
		};
/* End PBXNativeTarget section */

/* Begin PBXProject section */
		AAA86A241D7F284200137A58 /* Project object */ = {
			isa = PBXProject;
			attributes = {
				LastSwiftUpdateCheck = 0730;
				LastUpgradeCheck = 0730;
				ORGANIZATIONNAME = "Software Merchant";
				TargetAttributes = {
					AAA86A2B1D7F284200137A58 = {
						CreatedOnToolsVersion = 7.3.1;
						DevelopmentTeam = YCBW9S7SBT;
					};
				};
			};
			buildConfigurationList = AAA86A271D7F284200137A58 /* Build configuration list for PBXProject "Federal Taphouse" */;
			compatibilityVersion = "Xcode 3.2";
			developmentRegion = English;
			hasScannedForEncodings = 0;
			knownRegions = (
				en,
				Base,
			);
			mainGroup = AAA86A231D7F284200137A58;
			productRefGroup = AAA86A2D1D7F284200137A58 /* Products */;
			projectDirPath = "";
			projectRoot = "";
			targets = (
				AAA86A2B1D7F284200137A58 /* Federal Taphouse */,
			);
		};
/* End PBXProject section */

/* Begin PBXResourcesBuildPhase section */
		AAA86A2A1D7F284200137A58 /* Resources */ = {
			isa = PBXResourcesBuildPhase;
			buildActionMask = 2147483647;
			files = (
				AAA86A3D1D7F284300137A58 /* LaunchScreen.storyboard in Resources */,
				AAA86A491D7F30D900137A58 /* fed.png in Resources */,
				AAA86A451D7F299F00137A58 /* GoogleService-Info.plist in Resources */,
				AAA86A3A1D7F284300137A58 /* Assets.xcassets in Resources */,
				AAA86A351D7F284300137A58 /* Main.storyboard in Resources */,
			);
			runOnlyForDeploymentPostprocessing = 0;
		};
/* End PBXResourcesBuildPhase section */

/* Begin PBXShellScriptBuildPhase section */
		14CACAE96399434FC5B9F32B /* [CP] Check Pods Manifest.lock */ = {
			isa = PBXShellScriptBuildPhase;
			buildActionMask = 2147483647;
			files = (
			);
			inputPaths = (
			);
			name = "[CP] Check Pods Manifest.lock";
			outputPaths = (
			);
			runOnlyForDeploymentPostprocessing = 0;
			shellPath = /bin/sh;
			shellScript = "diff \"${PODS_ROOT}/../Podfile.lock\" \"${PODS_ROOT}/Manifest.lock\" > /dev/null\nif [[ $? != 0 ]] ; then\n    cat << EOM\nerror: The sandbox is not in sync with the Podfile.lock. Run 'pod install' or update your CocoaPods installation.\nEOM\n    exit 1\nfi\n";
			showEnvVarsInLog = 0;
		};
		506B04FB94DEF1DABAD3C1B3 /* [CP] Embed Pods Frameworks */ = {
			isa = PBXShellScriptBuildPhase;
			buildActionMask = 2147483647;
			files = (
			);
			inputPaths = (
			);
			name = "[CP] Embed Pods Frameworks";
			outputPaths = (
			);
			runOnlyForDeploymentPostprocessing = 0;
			shellPath = /bin/sh;
			shellScript = "\"${SRCROOT}/Pods/Target Support Files/Pods-Federal Taphouse/Pods-Federal Taphouse-frameworks.sh\"\n";
			showEnvVarsInLog = 0;
		};
		BFE630AFDD5234C8D1E28FDE /* [CP] Copy Pods Resources */ = {
			isa = PBXShellScriptBuildPhase;
			buildActionMask = 2147483647;
			files = (
			);
			inputPaths = (
			);
			name = "[CP] Copy Pods Resources";
			outputPaths = (
			);
			runOnlyForDeploymentPostprocessing = 0;
			shellPath = /bin/sh;
			shellScript = "\"${SRCROOT}/Pods/Target Support Files/Pods-Federal Taphouse/Pods-Federal Taphouse-resources.sh\"\n";
			showEnvVarsInLog = 0;
		};
/* End PBXShellScriptBuildPhase section */

/* Begin PBXSourcesBuildPhase section */
		AAA86A281D7F284200137A58 /* Sources */ = {
			isa = PBXSourcesBuildPhase;
			buildActionMask = 2147483647;
			files = (
				AACB7F221D81BB080009342D /* ForgotPasswordViewController.swift in Sources */,
				AAA86A5D1D7F4B3600137A58 /* FindUs.swift in Sources */,
				AAA86A591D7F400500137A58 /* ContactUs.swift in Sources */,
				AACB7F201D81A4FB0009342D /* Helper.swift in Sources */,
				AAA86A5B1D7F401C00137A58 /* Deals.swift in Sources */,
				AAA86A301D7F284300137A58 /* AppDelegate.swift in Sources */,
				AAA86A531D7F3FE000137A58 /* Menu.swift in Sources */,
				AAA86A511D7F37FA00137A58 /* BackTableVC.swift in Sources */,
				AAA86A611D7F549000137A58 /* Data.swift in Sources */,
				AA01E70F1D82F7E8002B0565 /* Facebook.swift in Sources */,
				AAA86A381D7F284300137A58 /* Federal_Taphouse.xcdatamodeld in Sources */,
				AAA86A471D7F2F1300137A58 /* HomeViewController.swift in Sources */,
				AA01E7111D82F7FE002B0565 /* Twitter.swift in Sources */,
				AAA86A551D7F3FEC00137A58 /* Invite.swift in Sources */,
				AAA86A4D1D7F35D500137A58 /* SWRevealViewController.m in Sources */,
				AA01E7131D82F808002B0565 /* Instagram.swift in Sources */,
				AACB7F1E1D81A21A0009342D /* Logout.swift in Sources */,
				AACB7F241D81C0190009342D /* ThirdNavigationController.swift in Sources */,
			);
			runOnlyForDeploymentPostprocessing = 0;
		};
/* End PBXSourcesBuildPhase section */

/* Begin PBXVariantGroup section */
		AAA86A331D7F284300137A58 /* Main.storyboard */ = {
			isa = PBXVariantGroup;
			children = (
				AAA86A341D7F284300137A58 /* Base */,
			);
			name = Main.storyboard;
			sourceTree = "<group>";
		};
		AAA86A3B1D7F284300137A58 /* LaunchScreen.storyboard */ = {
			isa = PBXVariantGroup;
			children = (
				AAA86A3C1D7F284300137A58 /* Base */,
			);
			name = LaunchScreen.storyboard;
			sourceTree = "<group>";
		};
/* End PBXVariantGroup section */

/* Begin XCBuildConfiguration section */
		AAA86A3F1D7F284300137A58 /* Debug */ = {
			isa = XCBuildConfiguration;
			buildSettings = {
				ALWAYS_SEARCH_USER_PATHS = NO;
				CLANG_ANALYZER_NONNULL = YES;
				CLANG_CXX_LANGUAGE_STANDARD = "gnu++0x";
				CLANG_CXX_LIBRARY = "libc++";
				CLANG_ENABLE_MODULES = YES;
				CLANG_ENABLE_OBJC_ARC = YES;
				CLANG_WARN_BOOL_CONVERSION = YES;
				CLANG_WARN_CONSTANT_CONVERSION = YES;
				CLANG_WARN_DIRECT_OBJC_ISA_USAGE = YES_ERROR;
				CLANG_WARN_EMPTY_BODY = YES;
				CLANG_WARN_ENUM_CONVERSION = YES;
				CLANG_WARN_INT_CONVERSION = YES;
				CLANG_WARN_OBJC_ROOT_CLASS = YES_ERROR;
				CLANG_WARN_UNREACHABLE_CODE = YES;
				CLANG_WARN__DUPLICATE_METHOD_MATCH = YES;
				"CODE_SIGN_IDENTITY[sdk=iphoneos*]" = "iPhone Developer";
				COPY_PHASE_STRIP = NO;
				DEBUG_INFORMATION_FORMAT = dwarf;
				ENABLE_STRICT_OBJC_MSGSEND = YES;
				ENABLE_TESTABILITY = YES;
				GCC_C_LANGUAGE_STANDARD = gnu99;
				GCC_DYNAMIC_NO_PIC = NO;
				GCC_NO_COMMON_BLOCKS = YES;
				GCC_OPTIMIZATION_LEVEL = 0;
				GCC_PREPROCESSOR_DEFINITIONS = (
					"DEBUG=1",
					"$(inherited)",
				);
				GCC_WARN_64_TO_32_BIT_CONVERSION = YES;
				GCC_WARN_ABOUT_RETURN_TYPE = YES_ERROR;
				GCC_WARN_UNDECLARED_SELECTOR = YES;
				GCC_WARN_UNINITIALIZED_AUTOS = YES_AGGRESSIVE;
				GCC_WARN_UNUSED_FUNCTION = YES;
				GCC_WARN_UNUSED_VARIABLE = YES;
				IPHONEOS_DEPLOYMENT_TARGET = 9.3;
				MTL_ENABLE_DEBUG_INFO = YES;
				ONLY_ACTIVE_ARCH = YES;
				SDKROOT = iphoneos;
				SWIFT_OPTIMIZATION_LEVEL = "-Onone";
			};
			name = Debug;
		};
		AAA86A401D7F284300137A58 /* Release */ = {
			isa = XCBuildConfiguration;
			buildSettings = {
				ALWAYS_SEARCH_USER_PATHS = NO;
				CLANG_ANALYZER_NONNULL = YES;
				CLANG_CXX_LANGUAGE_STANDARD = "gnu++0x";
				CLANG_CXX_LIBRARY = "libc++";
				CLANG_ENABLE_MODULES = YES;
				CLANG_ENABLE_OBJC_ARC = YES;
				CLANG_WARN_BOOL_CONVERSION = YES;
				CLANG_WARN_CONSTANT_CONVERSION = YES;
				CLANG_WARN_DIRECT_OBJC_ISA_USAGE = YES_ERROR;
				CLANG_WARN_EMPTY_BODY = YES;
				CLANG_WARN_ENUM_CONVERSION = YES;
				CLANG_WARN_INT_CONVERSION = YES;
				CLANG_WARN_OBJC_ROOT_CLASS = YES_ERROR;
				CLANG_WARN_UNREACHABLE_CODE = YES;
				CLANG_WARN__DUPLICATE_METHOD_MATCH = YES;
				"CODE_SIGN_IDENTITY[sdk=iphoneos*]" = "iPhone Developer";
				COPY_PHASE_STRIP = NO;
				DEBUG_INFORMATION_FORMAT = "dwarf-with-dsym";
				ENABLE_NS_ASSERTIONS = NO;
				ENABLE_STRICT_OBJC_MSGSEND = YES;
				GCC_C_LANGUAGE_STANDARD = gnu99;
				GCC_NO_COMMON_BLOCKS = YES;
				GCC_WARN_64_TO_32_BIT_CONVERSION = YES;
				GCC_WARN_ABOUT_RETURN_TYPE = YES_ERROR;
				GCC_WARN_UNDECLARED_SELECTOR = YES;
				GCC_WARN_UNINITIALIZED_AUTOS = YES_AGGRESSIVE;
				GCC_WARN_UNUSED_FUNCTION = YES;
				GCC_WARN_UNUSED_VARIABLE = YES;
				IPHONEOS_DEPLOYMENT_TARGET = 9.3;
				MTL_ENABLE_DEBUG_INFO = NO;
				SDKROOT = iphoneos;
				VALIDATE_PRODUCT = YES;
			};
			name = Release;
		};
		AAA86A421D7F284300137A58 /* Debug */ = {
			isa = XCBuildConfiguration;
			baseConfigurationReference = 93D109250788B38AED87FBFF /* Pods-Federal Taphouse.debug.xcconfig */;
			buildSettings = {
				ASSETCATALOG_COMPILER_APPICON_NAME = AppIcon;
				CLANG_ENABLE_MODULES = YES;
				CODE_SIGN_IDENTITY = "iPhone Developer";
				"CODE_SIGN_IDENTITY[sdk=iphoneos*]" = "iPhone Developer";
				INFOPLIST_FILE = "Federal Taphouse/Info.plist";
				LD_RUNPATH_SEARCH_PATHS = "$(inherited) @executable_path/Frameworks";
				PRODUCT_BUNDLE_IDENTIFIER = "com.SoftwareMerchant.Federal-Taphouse";
				PRODUCT_NAME = "$(TARGET_NAME)";
				PROVISIONING_PROFILE = "";
				SWIFT_OBJC_BRIDGING_HEADER = "Federal Taphouse/Federal Taphouse-Bridging-Header.h";
				SWIFT_OPTIMIZATION_LEVEL = "-Onone";
			};
			name = Debug;
		};
		AAA86A431D7F284300137A58 /* Release */ = {
			isa = XCBuildConfiguration;
			baseConfigurationReference = 9839B4DD46148602AA0FD62B /* Pods-Federal Taphouse.release.xcconfig */;
			buildSettings = {
				ASSETCATALOG_COMPILER_APPICON_NAME = AppIcon;
				CLANG_ENABLE_MODULES = YES;
				CODE_SIGN_IDENTITY = "iPhone Developer";
				"CODE_SIGN_IDENTITY[sdk=iphoneos*]" = "iPhone Developer";
				INFOPLIST_FILE = "Federal Taphouse/Info.plist";
				LD_RUNPATH_SEARCH_PATHS = "$(inherited) @executable_path/Frameworks";
				PRODUCT_BUNDLE_IDENTIFIER = "com.SoftwareMerchant.Federal-Taphouse";
				PRODUCT_NAME = "$(TARGET_NAME)";
				PROVISIONING_PROFILE = "";
				SWIFT_OBJC_BRIDGING_HEADER = "Federal Taphouse/Federal Taphouse-Bridging-Header.h";
			};
			name = Release;
		};
/* End XCBuildConfiguration section */

/* Begin XCConfigurationList section */
		AAA86A271D7F284200137A58 /* Build configuration list for PBXProject "Federal Taphouse" */ = {
			isa = XCConfigurationList;
			buildConfigurations = (
				AAA86A3F1D7F284300137A58 /* Debug */,
				AAA86A401D7F284300137A58 /* Release */,
			);
			defaultConfigurationIsVisible = 0;
			defaultConfigurationName = Release;
		};
		AAA86A411D7F284300137A58 /* Build configuration list for PBXNativeTarget "Federal Taphouse" */ = {
			isa = XCConfigurationList;
			buildConfigurations = (
				AAA86A421D7F284300137A58 /* Debug */,
				AAA86A431D7F284300137A58 /* Release */,
			);
			defaultConfigurationIsVisible = 0;
			defaultConfigurationName = Release;
		};
/* End XCConfigurationList section */

/* Begin XCVersionGroup section */
		AAA86A361D7F284300137A58 /* Federal_Taphouse.xcdatamodeld */ = {
			isa = XCVersionGroup;
			children = (
				AAA86A371D7F284300137A58 /* Federal_Taphouse.xcdatamodel */,
			);
			currentVersion = AAA86A371D7F284300137A58 /* Federal_Taphouse.xcdatamodel */;
			path = Federal_Taphouse.xcdatamodeld;
			sourceTree = "<group>";
			versionGroupType = wrapper.xcdatamodel;
		};
/* End XCVersionGroup section */
	};
	rootObject = AAA86A241D7F284200137A58 /* Project object */;
}
